
Microsoft Visual Studio Solution File, Format Version 12.00
# Visual Studio Version 16
VisualStudioVersion = 16.0.31829.152
MinimumVisualStudioVersion = 10.0.40219.1
Project("{FAE04EC0-301F-11D3-BF4B-00C04F79EFBC}") = "ParlotExperiments", "ParlotExperiments\ParlotExperiments.csproj", "{6EBE141C-EF39-47B8-8ED5-E9BDBBCEE64D}"
EndProject
Project("{FAE04EC0-301F-11D3-BF4B-00C04F79EFBC}") = "ParlotExperiments.UnitTests", "ParlotExperiments.UnitTests\ParlotExperiments.UnitTests.csproj", "{F3E72866-D64C-44E0-96C0-41795A28FFE0}"
EndProject
Global
	GlobalSection(SolutionConfigurationPlatforms) = preSolution
		Debug|Any CPU = Debug|Any CPU
		Release|Any CPU = Release|Any CPU
	EndGlobalSection
	GlobalSection(ProjectConfigurationPlatforms) = postSolution
		{6EBE141C-EF39-47B8-8ED5-E9BDBBCEE64D}.Debug|Any CPU.ActiveCfg = Debug|Any CPU
		{6EBE141C-EF39-47B8-8ED5-E9BDBBCEE64D}.Debug|Any CPU.Build.0 = Debug|Any CPU
		{6EBE141C-EF39-47B8-8ED5-E9BDBBCEE64D}.Release|Any CPU.ActiveCfg = Release|Any CPU
		{6EBE141C-EF39-47B8-8ED5-E9BDBBCEE64D}.Release|Any CPU.Build.0 = Release|Any CPU
		{F3E72866-D64C-44E0-96C0-41795A28FFE0}.Debug|Any CPU.ActiveCfg = Debug|Any CPU
		{F3E72866-D64C-44E0-96C0-41795A28FFE0}.Debug|Any CPU.Build.0 = Debug|Any CPU
		{F3E72866-D64C-44E0-96C0-41795A28FFE0}.Release|Any CPU.ActiveCfg = Release|Any CPU
		{F3E72866-D64C-44E0-96C0-41795A28FFE0}.Release|Any CPU.Build.0 = Release|Any CPU
	EndGlobalSection
	GlobalSection(SolutionProperties) = preSolution
		HideSolutionNode = FALSE
	EndGlobalSection
	GlobalSection(ExtensibilityGlobals) = postSolution
		SolutionGuid = {49823FB6-DEAC-4783-98D8-F0360F821300}
	EndGlobalSection
EndGlobal
